
Microsoft Visual Studio Solution File, Format Version 12.00
# Visual Studio Version 17
VisualStudioVersion = 17.8.34322.80
MinimumVisualStudioVersion = 10.0.40219.1
Project("{F184B08F-C81C-45F6-A57F-5ABD9991F28F}") = "Curp Visual Basic", "Curp Visual Basic\Curp Visual Basic.vbproj", "{F8B32D97-8898-4D96-8801-54DFFFA6DECC}"
EndProject
Global
	GlobalSection(SolutionConfigurationPlatforms) = preSolution
		Debug|Any CPU = Debug|Any CPU
		Release|Any CPU = Release|Any CPU
	EndGlobalSection
	GlobalSection(ProjectConfigurationPlatforms) = postSolution
		{F8B32D97-8898-4D96-8801-54DFFFA6DECC}.Debug|Any CPU.ActiveCfg = Debug|Any CPU
		{F8B32D97-8898-4D96-8801-54DFFFA6DECC}.Debug|Any CPU.Build.0 = Debug|Any CPU
		{F8B32D97-8898-4D96-8801-54DFFFA6DECC}.Release|Any CPU.ActiveCfg = Release|Any CPU
		{F8B32D97-8898-4D96-8801-54DFFFA6DECC}.Release|Any CPU.Build.0 = Release|Any CPU
	EndGlobalSection
	GlobalSection(SolutionProperties) = preSolution
		HideSolutionNode = FALSE
	EndGlobalSection
	GlobalSection(ExtensibilityGlobals) = postSolution
		SolutionGuid = {9B8506D7-D7FC-415C-868D-B8385A8E7D8B}
	EndGlobalSection
EndGlobal
